
Microsoft Visual Studio Solution File, Format Version 12.00
# Visual Studio Version 17
VisualStudioVersion = 17.1.32328.378
MinimumVisualStudioVersion = 10.0.40219.1
Project("{9A19103F-16F7-4668-BE54-9A1E7A4F7556}") = "DTCClient", "DTCClient\DTCClient.csproj", "{5EAC8139-46C7-4573-BF60-4010633D2628}"
EndProject
Project("{9A19103F-16F7-4668-BE54-9A1E7A4F7556}") = "DTCServer", "DTCServer\DTCServer.csproj", "{ED55FC12-C152-4644-9427-7EF6CC11365E}"
EndProject
Project("{9A19103F-16F7-4668-BE54-9A1E7A4F7556}") = "DTCCommon", "DTCCommon\DTCCommon.csproj", "{AAED8291-2B78-4048-89DD-E866F4A23AE3}"
EndProject
Project("{2150E333-8FDC-42A3-9474-1A3956D46DE8}") = "SolutionItems", "SolutionItems", "{124924C4-23E9-411B-82C6-6BA81E672E81}"
	ProjectSection(SolutionItems) = preProject
		.editorconfig = .editorconfig
		README.md = README.md
	EndProjectSection
EndProject
Project("{9A19103F-16F7-4668-BE54-9A1E7A4F7556}") = "TestServer", "TestServer\TestServer.csproj", "{ACB16562-535A-488A-BB19-BAD950CBF8DE}"
EndProject
Project("{9A19103F-16F7-4668-BE54-9A1E7A4F7556}") = "TestClient", "TestClient\TestClient.csproj", "{E68D3DEB-5492-4B8D-A909-AE5EB70102A4}"
EndProject
Project("{9A19103F-16F7-4668-BE54-9A1E7A4F7556}") = "Tests", "Tests\Tests.csproj", "{C63D3587-0DFA-4150-8470-4E372CB9FB4D}"
EndProject
Global
	GlobalSection(SolutionConfigurationPlatforms) = preSolution
		Debug|x64 = Debug|x64
		Release|x64 = Release|x64
	EndGlobalSection
	GlobalSection(ProjectConfigurationPlatforms) = postSolution
		{5EAC8139-46C7-4573-BF60-4010633D2628}.Debug|x64.ActiveCfg = Debug|x64
		{5EAC8139-46C7-4573-BF60-4010633D2628}.Debug|x64.Build.0 = Debug|x64
		{5EAC8139-46C7-4573-BF60-4010633D2628}.Release|x64.ActiveCfg = Release|x64
		{5EAC8139-46C7-4573-BF60-4010633D2628}.Release|x64.Build.0 = Release|x64
		{ED55FC12-C152-4644-9427-7EF6CC11365E}.Debug|x64.ActiveCfg = Debug|x64
		{ED55FC12-C152-4644-9427-7EF6CC11365E}.Debug|x64.Build.0 = Debug|x64
		{ED55FC12-C152-4644-9427-7EF6CC11365E}.Release|x64.ActiveCfg = Release|x64
		{ED55FC12-C152-4644-9427-7EF6CC11365E}.Release|x64.Build.0 = Release|x64
		{AAED8291-2B78-4048-89DD-E866F4A23AE3}.Debug|x64.ActiveCfg = Debug|x64
		{AAED8291-2B78-4048-89DD-E866F4A23AE3}.Debug|x64.Build.0 = Debug|x64
		{AAED8291-2B78-4048-89DD-E866F4A23AE3}.Release|x64.ActiveCfg = Release|x64
		{AAED8291-2B78-4048-89DD-E866F4A23AE3}.Release|x64.Build.0 = Release|x64
		{ACB16562-535A-488A-BB19-BAD950CBF8DE}.Debug|x64.ActiveCfg = Debug|x64
		{ACB16562-535A-488A-BB19-BAD950CBF8DE}.Debug|x64.Build.0 = Debug|x64
		{ACB16562-535A-488A-BB19-BAD950CBF8DE}.Release|x64.ActiveCfg = Release|x64
		{ACB16562-535A-488A-BB19-BAD950CBF8DE}.Release|x64.Build.0 = Release|x64
		{E68D3DEB-5492-4B8D-A909-AE5EB70102A4}.Debug|x64.ActiveCfg = Debug|x64
		{E68D3DEB-5492-4B8D-A909-AE5EB70102A4}.Debug|x64.Build.0 = Debug|x64
		{E68D3DEB-5492-4B8D-A909-AE5EB70102A4}.Release|x64.ActiveCfg = Release|x64
		{E68D3DEB-5492-4B8D-A909-AE5EB70102A4}.Release|x64.Build.0 = Release|x64
		{C63D3587-0DFA-4150-8470-4E372CB9FB4D}.Debug|x64.ActiveCfg = Debug|x64
		{C63D3587-0DFA-4150-8470-4E372CB9FB4D}.Debug|x64.Build.0 = Debug|x64
		{C63D3587-0DFA-4150-8470-4E372CB9FB4D}.Release|x64.ActiveCfg = Release|x64
		{C63D3587-0DFA-4150-8470-4E372CB9FB4D}.Release|x64.Build.0 = Release|x64
	EndGlobalSection
	GlobalSection(SolutionProperties) = preSolution
		HideSolutionNode = FALSE
	EndGlobalSection
	GlobalSection(ExtensibilityGlobals) = postSolution
		SolutionGuid = {CD6E6A6C-4270-4E9F-A07A-5614D3431DC8}
	EndGlobalSection
EndGlobal
