
Microsoft Visual Studio Solution File, Format Version 12.00
# Visual Studio 14
VisualStudioVersion = 14.0.25420.1
MinimumVisualStudioVersion = 10.0.40219.1
Project("{FAE04EC0-301F-11D3-BF4B-00C04F79EFBC}") = "DTCClient", "DTCClient\DTCClient.csproj", "{5EAC8139-46C7-4573-BF60-4010633D2628}"
EndProject
Project("{FAE04EC0-301F-11D3-BF4B-00C04F79EFBC}") = "DTCServer", "DTCServer\DTCServer.csproj", "{ED55FC12-C152-4644-9427-7EF6CC11365E}"
EndProject
Project("{FAE04EC0-301F-11D3-BF4B-00C04F79EFBC}") = "DTCCommon", "DTCCommon\DTCCommon.csproj", "{AAED8291-2B78-4048-89DD-E866F4A23AE3}"
EndProject
Project("{FAE04EC0-301F-11D3-BF4B-00C04F79EFBC}") = "TestClient", "TestClient\TestClient.csproj", "{E68D3DEB-5492-4B8D-A909-AE5EB70102A4}"
EndProject
Project("{8BC9CEB8-8B4A-11D0-8D11-00A0C91BC942}") = "DTCpp", "DTCpp\DTCpp.vcxproj", "{BBA1E294-43EE-4266-A567-4E61B317B7BB}"
EndProject
Project("{2150E333-8FDC-42A3-9474-1A3956D46DE8}") = "SolutionItems", "SolutionItems", "{124924C4-23E9-411B-82C6-6BA81E672E81}"
	ProjectSection(SolutionItems) = preProject
		_ReadMe.md = _ReadMe.md
	EndProjectSection
EndProject
Project("{FAE04EC0-301F-11D3-BF4B-00C04F79EFBC}") = "TestServer", "TestServer\TestServer.csproj", "{ACB16562-535A-488A-BB19-BAD950CBF8DE}"
EndProject
Project("{FAE04EC0-301F-11D3-BF4B-00C04F79EFBC}") = "Tests", "Tests\Tests.csproj", "{36C6832D-45A4-45EC-AC29-78D3A0F29098}"
EndProject
Global
	GlobalSection(SolutionConfigurationPlatforms) = preSolution
		Debug|Any CPU = Debug|Any CPU
		Debug|x64 = Debug|x64
		Debug|x86 = Debug|x86
		Release|Any CPU = Release|Any CPU
		Release|x64 = Release|x64
		Release|x86 = Release|x86
	EndGlobalSection
	GlobalSection(ProjectConfigurationPlatforms) = postSolution
		{5EAC8139-46C7-4573-BF60-4010633D2628}.Debug|Any CPU.ActiveCfg = Debug|Any CPU
		{5EAC8139-46C7-4573-BF60-4010633D2628}.Debug|Any CPU.Build.0 = Debug|Any CPU
		{5EAC8139-46C7-4573-BF60-4010633D2628}.Debug|x64.ActiveCfg = Debug|Any CPU
		{5EAC8139-46C7-4573-BF60-4010633D2628}.Debug|x64.Build.0 = Debug|Any CPU
		{5EAC8139-46C7-4573-BF60-4010633D2628}.Debug|x86.ActiveCfg = Debug|Any CPU
		{5EAC8139-46C7-4573-BF60-4010633D2628}.Debug|x86.Build.0 = Debug|Any CPU
		{5EAC8139-46C7-4573-BF60-4010633D2628}.Release|Any CPU.ActiveCfg = Release|Any CPU
		{5EAC8139-46C7-4573-BF60-4010633D2628}.Release|Any CPU.Build.0 = Release|Any CPU
		{5EAC8139-46C7-4573-BF60-4010633D2628}.Release|x64.ActiveCfg = Release|Any CPU
		{5EAC8139-46C7-4573-BF60-4010633D2628}.Release|x64.Build.0 = Release|Any CPU
		{5EAC8139-46C7-4573-BF60-4010633D2628}.Release|x86.ActiveCfg = Release|Any CPU
		{5EAC8139-46C7-4573-BF60-4010633D2628}.Release|x86.Build.0 = Release|Any CPU
		{ED55FC12-C152-4644-9427-7EF6CC11365E}.Debug|Any CPU.ActiveCfg = Debug|Any CPU
		{ED55FC12-C152-4644-9427-7EF6CC11365E}.Debug|Any CPU.Build.0 = Debug|Any CPU
		{ED55FC12-C152-4644-9427-7EF6CC11365E}.Debug|x64.ActiveCfg = Debug|Any CPU
		{ED55FC12-C152-4644-9427-7EF6CC11365E}.Debug|x64.Build.0 = Debug|Any CPU
		{ED55FC12-C152-4644-9427-7EF6CC11365E}.Debug|x86.ActiveCfg = Debug|Any CPU
		{ED55FC12-C152-4644-9427-7EF6CC11365E}.Debug|x86.Build.0 = Debug|Any CPU
		{ED55FC12-C152-4644-9427-7EF6CC11365E}.Release|Any CPU.ActiveCfg = Release|Any CPU
		{ED55FC12-C152-4644-9427-7EF6CC11365E}.Release|Any CPU.Build.0 = Release|Any CPU
		{ED55FC12-C152-4644-9427-7EF6CC11365E}.Release|x64.ActiveCfg = Release|Any CPU
		{ED55FC12-C152-4644-9427-7EF6CC11365E}.Release|x64.Build.0 = Release|Any CPU
		{ED55FC12-C152-4644-9427-7EF6CC11365E}.Release|x86.ActiveCfg = Release|Any CPU
		{ED55FC12-C152-4644-9427-7EF6CC11365E}.Release|x86.Build.0 = Release|Any CPU
		{AAED8291-2B78-4048-89DD-E866F4A23AE3}.Debug|Any CPU.ActiveCfg = Debug|Any CPU
		{AAED8291-2B78-4048-89DD-E866F4A23AE3}.Debug|Any CPU.Build.0 = Debug|Any CPU
		{AAED8291-2B78-4048-89DD-E866F4A23AE3}.Debug|x64.ActiveCfg = Debug|Any CPU
		{AAED8291-2B78-4048-89DD-E866F4A23AE3}.Debug|x64.Build.0 = Debug|Any CPU
		{AAED8291-2B78-4048-89DD-E866F4A23AE3}.Debug|x86.ActiveCfg = Debug|Any CPU
		{AAED8291-2B78-4048-89DD-E866F4A23AE3}.Debug|x86.Build.0 = Debug|Any CPU
		{AAED8291-2B78-4048-89DD-E866F4A23AE3}.Release|Any CPU.ActiveCfg = Release|Any CPU
		{AAED8291-2B78-4048-89DD-E866F4A23AE3}.Release|Any CPU.Build.0 = Release|Any CPU
		{AAED8291-2B78-4048-89DD-E866F4A23AE3}.Release|x64.ActiveCfg = Release|Any CPU
		{AAED8291-2B78-4048-89DD-E866F4A23AE3}.Release|x64.Build.0 = Release|Any CPU
		{AAED8291-2B78-4048-89DD-E866F4A23AE3}.Release|x86.ActiveCfg = Release|Any CPU
		{AAED8291-2B78-4048-89DD-E866F4A23AE3}.Release|x86.Build.0 = Release|Any CPU
		{E68D3DEB-5492-4B8D-A909-AE5EB70102A4}.Debug|Any CPU.ActiveCfg = Debug|Any CPU
		{E68D3DEB-5492-4B8D-A909-AE5EB70102A4}.Debug|Any CPU.Build.0 = Debug|Any CPU
		{E68D3DEB-5492-4B8D-A909-AE5EB70102A4}.Debug|x64.ActiveCfg = Debug|Any CPU
		{E68D3DEB-5492-4B8D-A909-AE5EB70102A4}.Debug|x64.Build.0 = Debug|Any CPU
		{E68D3DEB-5492-4B8D-A909-AE5EB70102A4}.Debug|x86.ActiveCfg = Debug|Any CPU
		{E68D3DEB-5492-4B8D-A909-AE5EB70102A4}.Debug|x86.Build.0 = Debug|Any CPU
		{E68D3DEB-5492-4B8D-A909-AE5EB70102A4}.Release|Any CPU.ActiveCfg = Release|Any CPU
		{E68D3DEB-5492-4B8D-A909-AE5EB70102A4}.Release|Any CPU.Build.0 = Release|Any CPU
		{E68D3DEB-5492-4B8D-A909-AE5EB70102A4}.Release|x64.ActiveCfg = Release|Any CPU
		{E68D3DEB-5492-4B8D-A909-AE5EB70102A4}.Release|x64.Build.0 = Release|Any CPU
		{E68D3DEB-5492-4B8D-A909-AE5EB70102A4}.Release|x86.ActiveCfg = Release|Any CPU
		{E68D3DEB-5492-4B8D-A909-AE5EB70102A4}.Release|x86.Build.0 = Release|Any CPU
		{BBA1E294-43EE-4266-A567-4E61B317B7BB}.Debug|Any CPU.ActiveCfg = Debug|Win32
		{BBA1E294-43EE-4266-A567-4E61B317B7BB}.Debug|x64.ActiveCfg = Debug|x64
		{BBA1E294-43EE-4266-A567-4E61B317B7BB}.Debug|x64.Build.0 = Debug|x64
		{BBA1E294-43EE-4266-A567-4E61B317B7BB}.Debug|x86.ActiveCfg = Debug|Win32
		{BBA1E294-43EE-4266-A567-4E61B317B7BB}.Debug|x86.Build.0 = Debug|Win32
		{BBA1E294-43EE-4266-A567-4E61B317B7BB}.Release|Any CPU.ActiveCfg = Release|Win32
		{BBA1E294-43EE-4266-A567-4E61B317B7BB}.Release|x64.ActiveCfg = Release|x64
		{BBA1E294-43EE-4266-A567-4E61B317B7BB}.Release|x64.Build.0 = Release|x64
		{BBA1E294-43EE-4266-A567-4E61B317B7BB}.Release|x86.ActiveCfg = Release|Win32
		{BBA1E294-43EE-4266-A567-4E61B317B7BB}.Release|x86.Build.0 = Release|Win32
		{ACB16562-535A-488A-BB19-BAD950CBF8DE}.Debug|Any CPU.ActiveCfg = Debug|Any CPU
		{ACB16562-535A-488A-BB19-BAD950CBF8DE}.Debug|Any CPU.Build.0 = Debug|Any CPU
		{ACB16562-535A-488A-BB19-BAD950CBF8DE}.Debug|x64.ActiveCfg = Debug|Any CPU
		{ACB16562-535A-488A-BB19-BAD950CBF8DE}.Debug|x64.Build.0 = Debug|Any CPU
		{ACB16562-535A-488A-BB19-BAD950CBF8DE}.Debug|x86.ActiveCfg = Debug|Any CPU
		{ACB16562-535A-488A-BB19-BAD950CBF8DE}.Debug|x86.Build.0 = Debug|Any CPU
		{ACB16562-535A-488A-BB19-BAD950CBF8DE}.Release|Any CPU.ActiveCfg = Release|Any CPU
		{ACB16562-535A-488A-BB19-BAD950CBF8DE}.Release|Any CPU.Build.0 = Release|Any CPU
		{ACB16562-535A-488A-BB19-BAD950CBF8DE}.Release|x64.ActiveCfg = Release|Any CPU
		{ACB16562-535A-488A-BB19-BAD950CBF8DE}.Release|x64.Build.0 = Release|Any CPU
		{ACB16562-535A-488A-BB19-BAD950CBF8DE}.Release|x86.ActiveCfg = Release|Any CPU
		{ACB16562-535A-488A-BB19-BAD950CBF8DE}.Release|x86.Build.0 = Release|Any CPU
		{36C6832D-45A4-45EC-AC29-78D3A0F29098}.Debug|Any CPU.ActiveCfg = Debug|Any CPU
		{36C6832D-45A4-45EC-AC29-78D3A0F29098}.Debug|Any CPU.Build.0 = Debug|Any CPU
		{36C6832D-45A4-45EC-AC29-78D3A0F29098}.Debug|x64.ActiveCfg = Debug|Any CPU
		{36C6832D-45A4-45EC-AC29-78D3A0F29098}.Debug|x64.Build.0 = Debug|Any CPU
		{36C6832D-45A4-45EC-AC29-78D3A0F29098}.Debug|x86.ActiveCfg = Debug|Any CPU
		{36C6832D-45A4-45EC-AC29-78D3A0F29098}.Debug|x86.Build.0 = Debug|Any CPU
		{36C6832D-45A4-45EC-AC29-78D3A0F29098}.Release|Any CPU.ActiveCfg = Release|Any CPU
		{36C6832D-45A4-45EC-AC29-78D3A0F29098}.Release|Any CPU.Build.0 = Release|Any CPU
		{36C6832D-45A4-45EC-AC29-78D3A0F29098}.Release|x64.ActiveCfg = Release|Any CPU
		{36C6832D-45A4-45EC-AC29-78D3A0F29098}.Release|x64.Build.0 = Release|Any CPU
		{36C6832D-45A4-45EC-AC29-78D3A0F29098}.Release|x86.ActiveCfg = Release|Any CPU
		{36C6832D-45A4-45EC-AC29-78D3A0F29098}.Release|x86.Build.0 = Release|Any CPU
	EndGlobalSection
	GlobalSection(SolutionProperties) = preSolution
		HideSolutionNode = FALSE
	EndGlobalSection
EndGlobal
