
Microsoft Visual Studio Solution File, Format Version 12.00
# Visual Studio 14
VisualStudioVersion = 14.0.25420.1
MinimumVisualStudioVersion = 10.0.40219.1
Project("{FAE04EC0-301F-11D3-BF4B-00C04F79EFBC}") = "DTCClient", "DTCClient\DTCClient.csproj", "{5EAC8139-46C7-4573-BF60-4010633D2628}"
EndProject
Project("{FAE04EC0-301F-11D3-BF4B-00C04F79EFBC}") = "DTCServer", "DTCServer\DTCServer.csproj", "{ED55FC12-C152-4644-9427-7EF6CC11365E}"
EndProject
Project("{FAE04EC0-301F-11D3-BF4B-00C04F79EFBC}") = "DTCCommon", "DTCCommon\DTCCommon.csproj", "{AAED8291-2B78-4048-89DD-E866F4A23AE3}"
EndProject
Global
	GlobalSection(SolutionConfigurationPlatforms) = preSolution
		Debug|Any CPU = Debug|Any CPU
		Release|Any CPU = Release|Any CPU
	EndGlobalSection
	GlobalSection(ProjectConfigurationPlatforms) = postSolution
		{5EAC8139-46C7-4573-BF60-4010633D2628}.Debug|Any CPU.ActiveCfg = Debug|Any CPU
		{5EAC8139-46C7-4573-BF60-4010633D2628}.Debug|Any CPU.Build.0 = Debug|Any CPU
		{5EAC8139-46C7-4573-BF60-4010633D2628}.Release|Any CPU.ActiveCfg = Release|Any CPU
		{5EAC8139-46C7-4573-BF60-4010633D2628}.Release|Any CPU.Build.0 = Release|Any CPU
		{ED55FC12-C152-4644-9427-7EF6CC11365E}.Debug|Any CPU.ActiveCfg = Debug|Any CPU
		{ED55FC12-C152-4644-9427-7EF6CC11365E}.Debug|Any CPU.Build.0 = Debug|Any CPU
		{ED55FC12-C152-4644-9427-7EF6CC11365E}.Release|Any CPU.ActiveCfg = Release|Any CPU
		{ED55FC12-C152-4644-9427-7EF6CC11365E}.Release|Any CPU.Build.0 = Release|Any CPU
		{AAED8291-2B78-4048-89DD-E866F4A23AE3}.Debug|Any CPU.ActiveCfg = Debug|Any CPU
		{AAED8291-2B78-4048-89DD-E866F4A23AE3}.Debug|Any CPU.Build.0 = Debug|Any CPU
		{AAED8291-2B78-4048-89DD-E866F4A23AE3}.Release|Any CPU.ActiveCfg = Release|Any CPU
		{AAED8291-2B78-4048-89DD-E866F4A23AE3}.Release|Any CPU.Build.0 = Release|Any CPU
	EndGlobalSection
	GlobalSection(SolutionProperties) = preSolution
		HideSolutionNode = FALSE
	EndGlobalSection
EndGlobal
